
Microsoft Visual Studio Solution File, Format Version 12.00
# Visual Studio Version 17
VisualStudioVersion = 17.8.34330.188
MinimumVisualStudioVersion = 10.0.40219.1
Project("{FAE04EC0-301F-11D3-BF4B-00C04F79EFBC}") = "Prog54a", "Prog54a\Prog54a.csproj", "{A86066E7-4458-457C-B2B8-4313B6C7BEE8}"
EndProject
Global
	GlobalSection(SolutionConfigurationPlatforms) = preSolution
		Debug|Any CPU = Debug|Any CPU
		Release|Any CPU = Release|Any CPU
	EndGlobalSection
	GlobalSection(ProjectConfigurationPlatforms) = postSolution
		{A86066E7-4458-457C-B2B8-4313B6C7BEE8}.Debug|Any CPU.ActiveCfg = Debug|Any CPU
		{A86066E7-4458-457C-B2B8-4313B6C7BEE8}.Debug|Any CPU.Build.0 = Debug|Any CPU
		{A86066E7-4458-457C-B2B8-4313B6C7BEE8}.Release|Any CPU.ActiveCfg = Release|Any CPU
		{A86066E7-4458-457C-B2B8-4313B6C7BEE8}.Release|Any CPU.Build.0 = Release|Any CPU
	EndGlobalSection
	GlobalSection(SolutionProperties) = preSolution
		HideSolutionNode = FALSE
	EndGlobalSection
	GlobalSection(ExtensibilityGlobals) = postSolution
		SolutionGuid = {70AE56DB-6761-4C13-9FB7-E5590057EDC2}
	EndGlobalSection
EndGlobal
