
Microsoft Visual Studio Solution File, Format Version 12.00
# Visual Studio Version 17
VisualStudioVersion = 17.8.34330.188
MinimumVisualStudioVersion = 10.0.40219.1
Project("{FAE04EC0-301F-11D3-BF4B-00C04F79EFBC}") = "Pg498PayrollCS", "Pg498PayrollCS\Pg498PayrollCS.csproj", "{67D9623B-1B0E-4693-9E8A-1FA2A9BBE5BF}"
EndProject
Global
	GlobalSection(SolutionConfigurationPlatforms) = preSolution
		Debug|Any CPU = Debug|Any CPU
		Release|Any CPU = Release|Any CPU
	EndGlobalSection
	GlobalSection(ProjectConfigurationPlatforms) = postSolution
		{67D9623B-1B0E-4693-9E8A-1FA2A9BBE5BF}.Debug|Any CPU.ActiveCfg = Debug|Any CPU
		{67D9623B-1B0E-4693-9E8A-1FA2A9BBE5BF}.Debug|Any CPU.Build.0 = Debug|Any CPU
		{67D9623B-1B0E-4693-9E8A-1FA2A9BBE5BF}.Release|Any CPU.ActiveCfg = Release|Any CPU
		{67D9623B-1B0E-4693-9E8A-1FA2A9BBE5BF}.Release|Any CPU.Build.0 = Release|Any CPU
	EndGlobalSection
	GlobalSection(SolutionProperties) = preSolution
		HideSolutionNode = FALSE
	EndGlobalSection
	GlobalSection(ExtensibilityGlobals) = postSolution
		SolutionGuid = {6BCB34FB-B8C8-495C-82C9-68B7AB0FB8FA}
	EndGlobalSection
EndGlobal
