
Microsoft Visual Studio Solution File, Format Version 12.00
# Visual Studio Version 17
VisualStudioVersion = 17.8.34330.188
MinimumVisualStudioVersion = 10.0.40219.1
Project("{FAE04EC0-301F-11D3-BF4B-00C04F79EFBC}") = "Lang122a", "Lang122a\Lang122a.csproj", "{0FDF1C01-B8DC-421E-9B8A-BCAB227678F1}"
EndProject
Global
	GlobalSection(SolutionConfigurationPlatforms) = preSolution
		Debug|Any CPU = Debug|Any CPU
		Release|Any CPU = Release|Any CPU
	EndGlobalSection
	GlobalSection(ProjectConfigurationPlatforms) = postSolution
		{0FDF1C01-B8DC-421E-9B8A-BCAB227678F1}.Debug|Any CPU.ActiveCfg = Debug|Any CPU
		{0FDF1C01-B8DC-421E-9B8A-BCAB227678F1}.Debug|Any CPU.Build.0 = Debug|Any CPU
		{0FDF1C01-B8DC-421E-9B8A-BCAB227678F1}.Release|Any CPU.ActiveCfg = Release|Any CPU
		{0FDF1C01-B8DC-421E-9B8A-BCAB227678F1}.Release|Any CPU.Build.0 = Release|Any CPU
	EndGlobalSection
	GlobalSection(SolutionProperties) = preSolution
		HideSolutionNode = FALSE
	EndGlobalSection
	GlobalSection(ExtensibilityGlobals) = postSolution
		SolutionGuid = {B63CF59E-FDE7-4FD7-80D6-6A161D3B539F}
	EndGlobalSection
EndGlobal
